
Microsoft Visual Studio Solution File, Format Version 12.00
# Visual Studio Version 17
VisualStudioVersion = 17.4.33213.308
MinimumVisualStudioVersion = 10.0.40219.1
Project("{9A19103F-16F7-4668-BE54-9A1E7A4F7556}") = "TourPortal", "TourPortal\TourPortal.csproj", "{654ECDD2-25FE-4EA1-8234-8E8A9E6DC6EA}"
EndProject
Project("{9A19103F-16F7-4668-BE54-9A1E7A4F7556}") = "TravelAgent", "TravelAgent\TravelAgent.csproj", "{B7800ADE-A1DA-4603-8D33-FF1F81393320}"
EndProject
Project("{FAE04EC0-301F-11D3-BF4B-00C04F79EFBC}") = "TravelAgentTest", "HotelTest\TravelAgentTest.csproj", "{16B87E35-DAD6-45EA-B4CB-9A9D92743435}"
EndProject
Global
	GlobalSection(SolutionConfigurationPlatforms) = preSolution
		Debug|Any CPU = Debug|Any CPU
		Release|Any CPU = Release|Any CPU
	EndGlobalSection
	GlobalSection(ProjectConfigurationPlatforms) = postSolution
		{654ECDD2-25FE-4EA1-8234-8E8A9E6DC6EA}.Debug|Any CPU.ActiveCfg = Debug|Any CPU
		{654ECDD2-25FE-4EA1-8234-8E8A9E6DC6EA}.Debug|Any CPU.Build.0 = Debug|Any CPU
		{654ECDD2-25FE-4EA1-8234-8E8A9E6DC6EA}.Release|Any CPU.ActiveCfg = Release|Any CPU
		{654ECDD2-25FE-4EA1-8234-8E8A9E6DC6EA}.Release|Any CPU.Build.0 = Release|Any CPU
		{B7800ADE-A1DA-4603-8D33-FF1F81393320}.Debug|Any CPU.ActiveCfg = Debug|Any CPU
		{B7800ADE-A1DA-4603-8D33-FF1F81393320}.Debug|Any CPU.Build.0 = Debug|Any CPU
		{B7800ADE-A1DA-4603-8D33-FF1F81393320}.Release|Any CPU.ActiveCfg = Release|Any CPU
		{B7800ADE-A1DA-4603-8D33-FF1F81393320}.Release|Any CPU.Build.0 = Release|Any CPU
		{16B87E35-DAD6-45EA-B4CB-9A9D92743435}.Debug|Any CPU.ActiveCfg = Debug|Any CPU
		{16B87E35-DAD6-45EA-B4CB-9A9D92743435}.Debug|Any CPU.Build.0 = Debug|Any CPU
		{16B87E35-DAD6-45EA-B4CB-9A9D92743435}.Release|Any CPU.ActiveCfg = Release|Any CPU
		{16B87E35-DAD6-45EA-B4CB-9A9D92743435}.Release|Any CPU.Build.0 = Release|Any CPU
	EndGlobalSection
	GlobalSection(SolutionProperties) = preSolution
		HideSolutionNode = FALSE
	EndGlobalSection
	GlobalSection(ExtensibilityGlobals) = postSolution
		SolutionGuid = {4D48AD4E-A4B7-47E3-A8C2-6556AA3CEFB9}
	EndGlobalSection
EndGlobal
